{
  "name": "cms-project",
  "lockfileVersion": 3,
  "requires": true,
  "packages": {
    "": {
      "dependencies": {
        "apexcharts": "^6.10.0",
        "vue3-apexcharts": "^1.11.1"
      }
    },
    "node_modules/apex-commons": {
      "version": "0.5.0",
      "resolved": "https://registry.npmjs.org/apex-commons/-/apex-commons-0.5.0.tgz",
      "integrity": "sha512-xz83SgPREE1wGtoflvxjwJtcjzl5bKTz2/bDxWCZNL6QVjUNE47kMg/1Zqt0bSh6eOnmFCWlTDc3RU8o85N+wg==",
      "license": "MIT"
    },
    "node_modules/apexcharts": {
      "version": "6.10.0",
      "resolved": "https://registry.npmjs.org/apexcharts/-/apexcharts-6.10.0.tgz",
      "integrity": "sha512-XkDW9pb5L5jrjox86Q20gR2w6YnU4hUpv+FjL1eKtYKQGtyTUSsnFeuUE8wVDz8hNNHbOEx7Sl9cjfCmhB3NVw==",
      "license": "SEE LICENSE IN LICENSE",
      "dependencies": {
        "apex-commons": "^0.5.0"
      },
      "engines": {
        "node": "^20.19.0 || ^22.12.0 || >=24.0.0"
      }
    },
    "node_modules/vue3-apexcharts": {
      "version": "1.11.1",
      "resolved": "https://registry.npmjs.org/vue3-apexcharts/-/vue3-apexcharts-1.11.1.tgz",
      "integrity": "sha512-MbN3vg8bMG19wc0Lm1HkeQvODgLm56DgpIxtNUO0xpf/JCzYWVGE4jzXp2JISzy2s3Kul1yOxNQUYsLvKQ5L9g==",
      "license": "see LICENSE in LICENSE",
      "peerDependencies": {
        "apexcharts": ">=5.10.0",
        "vue": ">=3.0.0"
      },
      "peerDependenciesMeta": {
        "apexcharts": {
          "optional": false
        }
      }
    }
  }
}
